// !$*UTF8*$!
{
	archiveVersion = 1;
	classes = {
	};
	objectVersion = 55;
	objects = {

/* Begin PBXBuildFile section */
		773EF90E28BE4F6F0037D960 /* AppDelegate.swift in Sources */ = {isa = PBXBuildFile; fileRef = 773EF90D28BE4F6F0037D960 /* AppDelegate.swift */; };
		773EF91028BE4F6F0037D960 /* SceneDelegate.swift in Sources */ = {isa = PBXBuildFile; fileRef = 773EF90F28BE4F6F0037D960 /* SceneDelegate.swift */; };
		773EF91228BE4F6F0037D960 /* MainViewController.swift in Sources */ = {isa = PBXBuildFile; fileRef = 773EF91128BE4F6F0037D960 /* MainViewController.swift */; };
		773EF91728BE4F720037D960 /* Assets.xcassets in Resources */ = {isa = PBXBuildFile; fileRef = 773EF91628BE4F720037D960 /* Assets.xcassets */; };
		773EF91A28BE4F720037D960 /* LaunchScreen.storyboard in Resources */ = {isa = PBXBuildFile; fileRef = 773EF91828BE4F720037D960 /* LaunchScreen.storyboard */; };
		773EF92228BE56DE0037D960 /* GameBoardView.swift in Sources */ = {isa = PBXBuildFile; fileRef = 773EF92128BE56DE0037D960 /* GameBoardView.swift */; };
		773EF92428BE6AE80037D960 /* UIColorExtension.swift in Sources */ = {isa = PBXBuildFile; fileRef = 773EF92328BE6AE80037D960 /* UIColorExtension.swift */; };
		773EF92628BE6FD70037D960 /* TileModel.swift in Sources */ = {isa = PBXBuildFile; fileRef = 773EF92528BE6FD70037D960 /* TileModel.swift */; };
		773EF92828BE709A0037D960 /* Game.swift in Sources */ = {isa = PBXBuildFile; fileRef = 773EF92728BE709A0037D960 /* Game.swift */; };
		7764578F28CB655900F5EB68 /* ScoreView.swift in Sources */ = {isa = PBXBuildFile; fileRef = 7764578E28CB655900F5EB68 /* ScoreView.swift */; };
		776457A528CB669500F5EB68 /* UIFontExtension.swift in Sources */ = {isa = PBXBuildFile; fileRef = 776457A428CB669500F5EB68 /* UIFontExtension.swift */; };
		776457A728CB6FFC00F5EB68 /* ScoresContainerView.swift in Sources */ = {isa = PBXBuildFile; fileRef = 776457A628CB6FFC00F5EB68 /* ScoresContainerView.swift */; };
		77700C5928DF17F800F9A980 /* LexendDeca-Medium.ttf in Resources */ = {isa = PBXBuildFile; fileRef = 77700C5028DF17F700F9A980 /* LexendDeca-Medium.ttf */; };
		77700C5A28DF17F800F9A980 /* LexendDeca-Black.ttf in Resources */ = {isa = PBXBuildFile; fileRef = 77700C5128DF17F700F9A980 /* LexendDeca-Black.ttf */; };
		77700C5B28DF17F800F9A980 /* LexendDeca-ExtraLight.ttf in Resources */ = {isa = PBXBuildFile; fileRef = 77700C5228DF17F700F9A980 /* LexendDeca-ExtraLight.ttf */; };
		77700C5C28DF17F800F9A980 /* LexendDeca-Light.ttf in Resources */ = {isa = PBXBuildFile; fileRef = 77700C5328DF17F700F9A980 /* LexendDeca-Light.ttf */; };
		77700C5D28DF17F800F9A980 /* LexendDeca-ExtraBold.ttf in Resources */ = {isa = PBXBuildFile; fileRef = 77700C5428DF17F800F9A980 /* LexendDeca-ExtraBold.ttf */; };
		77700C5E28DF17F800F9A980 /* LexendDeca-Regular.ttf in Resources */ = {isa = PBXBuildFile; fileRef = 77700C5528DF17F800F9A980 /* LexendDeca-Regular.ttf */; };
		77700C5F28DF17F800F9A980 /* LexendDeca-Bold.ttf in Resources */ = {isa = PBXBuildFile; fileRef = 77700C5628DF17F800F9A980 /* LexendDeca-Bold.ttf */; };
		77700C6028DF17F800F9A980 /* LexendDeca-Thin.ttf in Resources */ = {isa = PBXBuildFile; fileRef = 77700C5728DF17F800F9A980 /* LexendDeca-Thin.ttf */; };
		77700C6128DF17F800F9A980 /* LexendDeca-SemiBold.ttf in Resources */ = {isa = PBXBuildFile; fileRef = 77700C5828DF17F800F9A980 /* LexendDeca-SemiBold.ttf */; };
		77BB10A828DF1D0000FCC5DA /* GameDelegate.swift in Sources */ = {isa = PBXBuildFile; fileRef = 77BB10A728DF1D0000FCC5DA /* GameDelegate.swift */; };
		77BB10AA28DF1D1500FCC5DA /* GameStateDelegate.swift in Sources */ = {isa = PBXBuildFile; fileRef = 77BB10A928DF1D1500FCC5DA /* GameStateDelegate.swift */; };
		77BB10D328E0492F00FCC5DA /* 2048Tests.swift in Sources */ = {isa = PBXBuildFile; fileRef = 77BB10D228E0492F00FCC5DA /* 2048Tests.swift */; };
		77BB10D528E07CA900FCC5DA /* CGFloatExtension.swift in Sources */ = {isa = PBXBuildFile; fileRef = 77BB10D428E07CA900FCC5DA /* CGFloatExtension.swift */; };
		77FC3AFD28C53543004B6FF9 /* ArrayExtension.swift in Sources */ = {isa = PBXBuildFile; fileRef = 77FC3AFC28C53542004B6FF9 /* ArrayExtension.swift */; };
		77FC3AFF28C54F44004B6FF9 /* TileView.swift in Sources */ = {isa = PBXBuildFile; fileRef = 77FC3AFE28C54F44004B6FF9 /* TileView.swift */; };
		9BE21FD2999B8866545383F5 /* Pods_2048.framework in Frameworks */ = {isa = PBXBuildFile; fileRef = F02159EAB8AF08107289C511 /* Pods_2048.framework */; };
/* End PBXBuildFile section */

/* Begin PBXContainerItemProxy section */
		77BB10CD28E048F800FCC5DA /* PBXContainerItemProxy */ = {
			isa = PBXContainerItemProxy;
			containerPortal = 773EF90228BE4F6F0037D960 /* Project object */;
			proxyType = 1;
			remoteGlobalIDString = 773EF90928BE4F6F0037D960;
			remoteInfo = 2048;
		};
/* End PBXContainerItemProxy section */

/* Begin PBXFileReference section */
		773EF90A28BE4F6F0037D960 /* 2048.app */ = {isa = PBXFileReference; explicitFileType = wrapper.application; includeInIndex = 0; path = 2048.app; sourceTree = BUILT_PRODUCTS_DIR; };
		773EF90D28BE4F6F0037D960 /* AppDelegate.swift */ = {isa = PBXFileReference; lastKnownFileType = sourcecode.swift; path = AppDelegate.swift; sourceTree = "<group>"; };
		773EF90F28BE4F6F0037D960 /* SceneDelegate.swift */ = {isa = PBXFileReference; lastKnownFileType = sourcecode.swift; path = SceneDelegate.swift; sourceTree = "<group>"; };
		773EF91128BE4F6F0037D960 /* MainViewController.swift */ = {isa = PBXFileReference; lastKnownFileType = sourcecode.swift; path = MainViewController.swift; sourceTree = "<group>"; };
		773EF91628BE4F720037D960 /* Assets.xcassets */ = {isa = PBXFileReference; lastKnownFileType = folder.assetcatalog; path = Assets.xcassets; sourceTree = "<group>"; };
		773EF91928BE4F720037D960 /* Base */ = {isa = PBXFileReference; lastKnownFileType = file.storyboard; name = Base; path = Base.lproj/LaunchScreen.storyboard; sourceTree = "<group>"; };
		773EF91B28BE4F720037D960 /* Info.plist */ = {isa = PBXFileReference; lastKnownFileType = text.plist.xml; path = Info.plist; sourceTree = "<group>"; };
		773EF92128BE56DE0037D960 /* GameBoardView.swift */ = {isa = PBXFileReference; lastKnownFileType = sourcecode.swift; path = GameBoardView.swift; sourceTree = "<group>"; };
		773EF92328BE6AE80037D960 /* UIColorExtension.swift */ = {isa = PBXFileReference; lastKnownFileType = sourcecode.swift; path = UIColorExtension.swift; sourceTree = "<group>"; };
		773EF92528BE6FD70037D960 /* TileModel.swift */ = {isa = PBXFileReference; lastKnownFileType = sourcecode.swift; name = TileModel.swift; path = ../../../Documents/TileModel.swift; sourceTree = "<group>"; };
		773EF92728BE709A0037D960 /* Game.swift */ = {isa = PBXFileReference; lastKnownFileType = sourcecode.swift; path = Game.swift; sourceTree = "<group>"; };
		7764578E28CB655900F5EB68 /* ScoreView.swift */ = {isa = PBXFileReference; lastKnownFileType = sourcecode.swift; path = ScoreView.swift; sourceTree = "<group>"; };
		776457A428CB669500F5EB68 /* UIFontExtension.swift */ = {isa = PBXFileReference; lastKnownFileType = sourcecode.swift; path = UIFontExtension.swift; sourceTree = "<group>"; };
		776457A628CB6FFC00F5EB68 /* ScoresContainerView.swift */ = {isa = PBXFileReference; lastKnownFileType = sourcecode.swift; path = ScoresContainerView.swift; sourceTree = "<group>"; };
		77700C5028DF17F700F9A980 /* LexendDeca-Medium.ttf */ = {isa = PBXFileReference; lastKnownFileType = file; path = "LexendDeca-Medium.ttf"; sourceTree = "<group>"; };
		77700C5128DF17F700F9A980 /* LexendDeca-Black.ttf */ = {isa = PBXFileReference; lastKnownFileType = file; path = "LexendDeca-Black.ttf"; sourceTree = "<group>"; };
		77700C5228DF17F700F9A980 /* LexendDeca-ExtraLight.ttf */ = {isa = PBXFileReference; lastKnownFileType = file; path = "LexendDeca-ExtraLight.ttf"; sourceTree = "<group>"; };
		77700C5328DF17F700F9A980 /* LexendDeca-Light.ttf */ = {isa = PBXFileReference; lastKnownFileType = file; path = "LexendDeca-Light.ttf"; sourceTree = "<group>"; };
		77700C5428DF17F800F9A980 /* LexendDeca-ExtraBold.ttf */ = {isa = PBXFileReference; lastKnownFileType = file; path = "LexendDeca-ExtraBold.ttf"; sourceTree = "<group>"; };
		77700C5528DF17F800F9A980 /* LexendDeca-Regular.ttf */ = {isa = PBXFileReference; lastKnownFileType = file; path = "LexendDeca-Regular.ttf"; sourceTree = "<group>"; };
		77700C5628DF17F800F9A980 /* LexendDeca-Bold.ttf */ = {isa = PBXFileReference; lastKnownFileType = file; path = "LexendDeca-Bold.ttf"; sourceTree = "<group>"; };
		77700C5728DF17F800F9A980 /* LexendDeca-Thin.ttf */ = {isa = PBXFileReference; lastKnownFileType = file; path = "LexendDeca-Thin.ttf"; sourceTree = "<group>"; };
		77700C5828DF17F800F9A980 /* LexendDeca-SemiBold.ttf */ = {isa = PBXFileReference; lastKnownFileType = file; path = "LexendDeca-SemiBold.ttf"; sourceTree = "<group>"; };
		77BB10A728DF1D0000FCC5DA /* GameDelegate.swift */ = {isa = PBXFileReference; lastKnownFileType = sourcecode.swift; path = GameDelegate.swift; sourceTree = "<group>"; };
		77BB10A928DF1D1500FCC5DA /* GameStateDelegate.swift */ = {isa = PBXFileReference; lastKnownFileType = sourcecode.swift; name = GameStateDelegate.swift; path = ../../../Documents/GameStateDelegate.swift; sourceTree = "<group>"; };
		77BB10C928E048F800FCC5DA /* 2048Tests.xctest */ = {isa = PBXFileReference; explicitFileType = wrapper.cfbundle; includeInIndex = 0; path = 2048Tests.xctest; sourceTree = BUILT_PRODUCTS_DIR; };
		77BB10D228E0492F00FCC5DA /* 2048Tests.swift */ = {isa = PBXFileReference; lastKnownFileType = sourcecode.swift; path = 2048Tests.swift; sourceTree = "<group>"; };
		77BB10D428E07CA900FCC5DA /* CGFloatExtension.swift */ = {isa = PBXFileReference; lastKnownFileType = sourcecode.swift; path = CGFloatExtension.swift; sourceTree = "<group>"; };
		77FC3AFC28C53542004B6FF9 /* ArrayExtension.swift */ = {isa = PBXFileReference; lastKnownFileType = sourcecode.swift; path = ArrayExtension.swift; sourceTree = "<group>"; };
		77FC3AFE28C54F44004B6FF9 /* TileView.swift */ = {isa = PBXFileReference; lastKnownFileType = sourcecode.swift; path = TileView.swift; sourceTree = "<group>"; };
		7AD8B96BC86A4CF97C2A6896 /* Pods-2048.debug.xcconfig */ = {isa = PBXFileReference; includeInIndex = 1; lastKnownFileType = text.xcconfig; name = "Pods-2048.debug.xcconfig"; path = "Target Support Files/Pods-2048/Pods-2048.debug.xcconfig"; sourceTree = "<group>"; };
		F02159EAB8AF08107289C511 /* Pods_2048.framework */ = {isa = PBXFileReference; explicitFileType = wrapper.framework; includeInIndex = 0; path = Pods_2048.framework; sourceTree = BUILT_PRODUCTS_DIR; };
		F9C37E2E64723DC795A5F05A /* Pods-2048.release.xcconfig */ = {isa = PBXFileReference; includeInIndex = 1; lastKnownFileType = text.xcconfig; name = "Pods-2048.release.xcconfig"; path = "Target Support Files/Pods-2048/Pods-2048.release.xcconfig"; sourceTree = "<group>"; };
/* End PBXFileReference section */

/* Begin PBXFrameworksBuildPhase section */
		773EF90728BE4F6F0037D960 /* Frameworks */ = {
			isa = PBXFrameworksBuildPhase;
			buildActionMask = 2147483647;
			files = (
				9BE21FD2999B8866545383F5 /* Pods_2048.framework in Frameworks */,
			);
			runOnlyForDeploymentPostprocessing = 0;
		};
		77BB10C628E048F800FCC5DA /* Frameworks */ = {
			isa = PBXFrameworksBuildPhase;
			buildActionMask = 2147483647;
			files = (
			);
			runOnlyForDeploymentPostprocessing = 0;
		};
/* End PBXFrameworksBuildPhase section */

/* Begin PBXGroup section */
		4D847667CBACC9B516CD3026 /* Pods */ = {
			isa = PBXGroup;
			children = (
				7AD8B96BC86A4CF97C2A6896 /* Pods-2048.debug.xcconfig */,
				F9C37E2E64723DC795A5F05A /* Pods-2048.release.xcconfig */,
			);
			path = Pods;
			sourceTree = "<group>";
		};
		76337BD9E34BED014B06DB95 /* Frameworks */ = {
			isa = PBXGroup;
			children = (
				F02159EAB8AF08107289C511 /* Pods_2048.framework */,
			);
			name = Frameworks;
			sourceTree = "<group>";
		};
		773EECA428CA8654001E4C68 /* Resources */ = {
			isa = PBXGroup;
			children = (
				773EF91828BE4F720037D960 /* LaunchScreen.storyboard */,
				773EF91628BE4F720037D960 /* Assets.xcassets */,
				773EECA628CA866C001E4C68 /* LexendDeca */,
			);
			path = Resources;
			sourceTree = "<group>";
		};
		773EECA628CA866C001E4C68 /* LexendDeca */ = {
			isa = PBXGroup;
			children = (
				77700C5128DF17F700F9A980 /* LexendDeca-Black.ttf */,
				77700C5628DF17F800F9A980 /* LexendDeca-Bold.ttf */,
				77700C5428DF17F800F9A980 /* LexendDeca-ExtraBold.ttf */,
				77700C5228DF17F700F9A980 /* LexendDeca-ExtraLight.ttf */,
				77700C5328DF17F700F9A980 /* LexendDeca-Light.ttf */,
				77700C5028DF17F700F9A980 /* LexendDeca-Medium.ttf */,
				77700C5528DF17F800F9A980 /* LexendDeca-Regular.ttf */,
				77700C5828DF17F800F9A980 /* LexendDeca-SemiBold.ttf */,
				77700C5728DF17F800F9A980 /* LexendDeca-Thin.ttf */,
			);
			path = LexendDeca;
			sourceTree = "<group>";
		};
		773EF90128BE4F6F0037D960 = {
			isa = PBXGroup;
			children = (
				773EF90C28BE4F6F0037D960 /* 2048 */,
				77BB10CA28E048F800FCC5DA /* 2048Tests */,
				773EF90B28BE4F6F0037D960 /* Products */,
				4D847667CBACC9B516CD3026 /* Pods */,
				76337BD9E34BED014B06DB95 /* Frameworks */,
			);
			sourceTree = "<group>";
		};
		773EF90B28BE4F6F0037D960 /* Products */ = {
			isa = PBXGroup;
			children = (
				773EF90A28BE4F6F0037D960 /* 2048.app */,
				77BB10C928E048F800FCC5DA /* 2048Tests.xctest */,
			);
			name = Products;
			sourceTree = "<group>";
		};
		773EF90C28BE4F6F0037D960 /* 2048 */ = {
			isa = PBXGroup;
			children = (
				77BB10A628DF18EE00FCC5DA /* Application */,
				773EF91128BE4F6F0037D960 /* MainViewController.swift */,
				77700C4D28DF162400F9A980 /* View */,
				77700C4E28DF164A00F9A980 /* Extensions */,
				773EF92528BE6FD70037D960 /* TileModel.swift */,
				773EF92728BE709A0037D960 /* Game.swift */,
				77BB10A728DF1D0000FCC5DA /* GameDelegate.swift */,
				77BB10A928DF1D1500FCC5DA /* GameStateDelegate.swift */,
				773EECA428CA8654001E4C68 /* Resources */,
				773EF91B28BE4F720037D960 /* Info.plist */,
			);
			path = 2048;
			sourceTree = "<group>";
		};
		77700C4D28DF162400F9A980 /* View */ = {
			isa = PBXGroup;
			children = (
				773EF92128BE56DE0037D960 /* GameBoardView.swift */,
				77FC3AFE28C54F44004B6FF9 /* TileView.swift */,
				776457A628CB6FFC00F5EB68 /* ScoresContainerView.swift */,
				7764578E28CB655900F5EB68 /* ScoreView.swift */,
			);
			path = View;
			sourceTree = "<group>";
		};
		77700C4E28DF164A00F9A980 /* Extensions */ = {
			isa = PBXGroup;
			children = (
				77700C4F28DF165600F9A980 /* UIKit */,
				77FC3AFC28C53542004B6FF9 /* ArrayExtension.swift */,
				77BB10D428E07CA900FCC5DA /* CGFloatExtension.swift */,
			);
			path = Extensions;
			sourceTree = "<group>";
		};
		77700C4F28DF165600F9A980 /* UIKit */ = {
			isa = PBXGroup;
			children = (
				773EF92328BE6AE80037D960 /* UIColorExtension.swift */,
				776457A428CB669500F5EB68 /* UIFontExtension.swift */,
			);
			path = UIKit;
			sourceTree = "<group>";
		};
		77BB10A628DF18EE00FCC5DA /* Application */ = {
			isa = PBXGroup;
			children = (
				773EF90D28BE4F6F0037D960 /* AppDelegate.swift */,
				773EF90F28BE4F6F0037D960 /* SceneDelegate.swift */,
			);
			path = Application;
			sourceTree = "<group>";
		};
		77BB10CA28E048F800FCC5DA /* 2048Tests */ = {
			isa = PBXGroup;
			children = (
				77BB10D228E0492F00FCC5DA /* 2048Tests.swift */,
			);
			path = 2048Tests;
			sourceTree = "<group>";
		};
/* End PBXGroup section */

/* Begin PBXNativeTarget section */
		773EF90928BE4F6F0037D960 /* 2048 */ = {
			isa = PBXNativeTarget;
			buildConfigurationList = 773EF91E28BE4F720037D960 /* Build configuration list for PBXNativeTarget "2048" */;
			buildPhases = (
				1A9860471CC241896398BF9A /* [CP] Check Pods Manifest.lock */,
				773EF90628BE4F6F0037D960 /* Sources */,
				773EF90728BE4F6F0037D960 /* Frameworks */,
				773EF90828BE4F6F0037D960 /* Resources */,
				C08342F433404727BF7DF5F6 /* [CP] Embed Pods Frameworks */,
			);
			buildRules = (
			);
			dependencies = (
			);
			name = 2048;
			productName = 2048;
			productReference = 773EF90A28BE4F6F0037D960 /* 2048.app */;
			productType = "com.apple.product-type.application";
		};
		77BB10C828E048F800FCC5DA /* 2048Tests */ = {
			isa = PBXNativeTarget;
			buildConfigurationList = 77BB10D128E048F800FCC5DA /* Build configuration list for PBXNativeTarget "2048Tests" */;
			buildPhases = (
				77BB10C528E048F800FCC5DA /* Sources */,
				77BB10C628E048F800FCC5DA /* Frameworks */,
				77BB10C728E048F800FCC5DA /* Resources */,
			);
			buildRules = (
			);
			dependencies = (
				77BB10CE28E048F800FCC5DA /* PBXTargetDependency */,
			);
			name = 2048Tests;
			productName = 2048Tests;
			productReference = 77BB10C928E048F800FCC5DA /* 2048Tests.xctest */;
			productType = "com.apple.product-type.bundle.unit-test";
		};
/* End PBXNativeTarget section */

/* Begin PBXProject section */
		773EF90228BE4F6F0037D960 /* Project object */ = {
			isa = PBXProject;
			attributes = {
				BuildIndependentTargetsInParallel = 1;
				LastSwiftUpdateCheck = 1340;
				LastUpgradeCheck = 1340;
				TargetAttributes = {
					773EF90928BE4F6F0037D960 = {
						CreatedOnToolsVersion = 13.4.1;
					};
					77BB10C828E048F800FCC5DA = {
						CreatedOnToolsVersion = 13.4.1;
						LastSwiftMigration = 1340;
						TestTargetID = 773EF90928BE4F6F0037D960;
					};
				};
			};
			buildConfigurationList = 773EF90528BE4F6F0037D960 /* Build configuration list for PBXProject "2048" */;
			compatibilityVersion = "Xcode 13.0";
			developmentRegion = en;
			hasScannedForEncodings = 0;
			knownRegions = (
				en,
				Base,
			);
			mainGroup = 773EF90128BE4F6F0037D960;
			productRefGroup = 773EF90B28BE4F6F0037D960 /* Products */;
			projectDirPath = "";
			projectRoot = "";
			targets = (
				773EF90928BE4F6F0037D960 /* 2048 */,
				77BB10C828E048F800FCC5DA /* 2048Tests */,
			);
		};
/* End PBXProject section */

/* Begin PBXResourcesBuildPhase section */
		773EF90828BE4F6F0037D960 /* Resources */ = {
			isa = PBXResourcesBuildPhase;
			buildActionMask = 2147483647;
			files = (
				77700C6128DF17F800F9A980 /* LexendDeca-SemiBold.ttf in Resources */,
				77700C5B28DF17F800F9A980 /* LexendDeca-ExtraLight.ttf in Resources */,
				773EF91A28BE4F720037D960 /* LaunchScreen.storyboard in Resources */,
				77700C5D28DF17F800F9A980 /* LexendDeca-ExtraBold.ttf in Resources */,
				77700C5C28DF17F800F9A980 /* LexendDeca-Light.ttf in Resources */,
				773EF91728BE4F720037D960 /* Assets.xcassets in Resources */,
				77700C5928DF17F800F9A980 /* LexendDeca-Medium.ttf in Resources */,
				77700C6028DF17F800F9A980 /* LexendDeca-Thin.ttf in Resources */,
				77700C5E28DF17F800F9A980 /* LexendDeca-Regular.ttf in Resources */,
				77700C5A28DF17F800F9A980 /* LexendDeca-Black.ttf in Resources */,
				77700C5F28DF17F800F9A980 /* LexendDeca-Bold.ttf in Resources */,
			);
			runOnlyForDeploymentPostprocessing = 0;
		};
		77BB10C728E048F800FCC5DA /* Resources */ = {
			isa = PBXResourcesBuildPhase;
			buildActionMask = 2147483647;
			files = (
			);
			runOnlyForDeploymentPostprocessing = 0;
		};
/* End PBXResourcesBuildPhase section */

/* Begin PBXShellScriptBuildPhase section */
		1A9860471CC241896398BF9A /* [CP] Check Pods Manifest.lock */ = {
			isa = PBXShellScriptBuildPhase;
			buildActionMask = 2147483647;
			files = (
			);
			inputFileListPaths = (
			);
			inputPaths = (
				"${PODS_PODFILE_DIR_PATH}/Podfile.lock",
				"${PODS_ROOT}/Manifest.lock",
			);
			name = "[CP] Check Pods Manifest.lock";
			outputFileListPaths = (
			);
			outputPaths = (
				"$(DERIVED_FILE_DIR)/Pods-2048-checkManifestLockResult.txt",
			);
			runOnlyForDeploymentPostprocessing = 0;
			shellPath = /bin/sh;
			shellScript = "diff \"${PODS_PODFILE_DIR_PATH}/Podfile.lock\" \"${PODS_ROOT}/Manifest.lock\" > /dev/null\nif [ $? != 0 ] ; then\n    # print error to STDERR\n    echo \"error: The sandbox is not in sync with the Podfile.lock. Run 'pod install' or update your CocoaPods installation.\" >&2\n    exit 1\nfi\n# This output is used by Xcode 'outputs' to avoid re-running this script phase.\necho \"SUCCESS\" > \"${SCRIPT_OUTPUT_FILE_0}\"\n";
			showEnvVarsInLog = 0;
		};
		C08342F433404727BF7DF5F6 /* [CP] Embed Pods Frameworks */ = {
			isa = PBXShellScriptBuildPhase;
			buildActionMask = 2147483647;
			files = (
			);
			inputFileListPaths = (
				"${PODS_ROOT}/Target Support Files/Pods-2048/Pods-2048-frameworks-${CONFIGURATION}-input-files.xcfilelist",
			);
			name = "[CP] Embed Pods Frameworks";
			outputFileListPaths = (
				"${PODS_ROOT}/Target Support Files/Pods-2048/Pods-2048-frameworks-${CONFIGURATION}-output-files.xcfilelist",
			);
			runOnlyForDeploymentPostprocessing = 0;
			shellPath = /bin/sh;
			shellScript = "\"${PODS_ROOT}/Target Support Files/Pods-2048/Pods-2048-frameworks.sh\"\n";
			showEnvVarsInLog = 0;
		};
/* End PBXShellScriptBuildPhase section */

/* Begin PBXSourcesBuildPhase section */
		773EF90628BE4F6F0037D960 /* Sources */ = {
			isa = PBXSourcesBuildPhase;
			buildActionMask = 2147483647;
			files = (
				773EF91228BE4F6F0037D960 /* MainViewController.swift in Sources */,
				77BB10D528E07CA900FCC5DA /* CGFloatExtension.swift in Sources */,
				773EF90E28BE4F6F0037D960 /* AppDelegate.swift in Sources */,
				773EF92828BE709A0037D960 /* Game.swift in Sources */,
				77FC3AFD28C53543004B6FF9 /* ArrayExtension.swift in Sources */,
				77BB10AA28DF1D1500FCC5DA /* GameStateDelegate.swift in Sources */,
				77FC3AFF28C54F44004B6FF9 /* TileView.swift in Sources */,
				776457A728CB6FFC00F5EB68 /* ScoresContainerView.swift in Sources */,
				773EF92428BE6AE80037D960 /* UIColorExtension.swift in Sources */,
				773EF92628BE6FD70037D960 /* TileModel.swift in Sources */,
				773EF92228BE56DE0037D960 /* GameBoardView.swift in Sources */,
				773EF91028BE4F6F0037D960 /* SceneDelegate.swift in Sources */,
				7764578F28CB655900F5EB68 /* ScoreView.swift in Sources */,
				776457A528CB669500F5EB68 /* UIFontExtension.swift in Sources */,
				77BB10A828DF1D0000FCC5DA /* GameDelegate.swift in Sources */,
			);
			runOnlyForDeploymentPostprocessing = 0;
		};
		77BB10C528E048F800FCC5DA /* Sources */ = {
			isa = PBXSourcesBuildPhase;
			buildActionMask = 2147483647;
			files = (
				77BB10D328E0492F00FCC5DA /* 2048Tests.swift in Sources */,
			);
			runOnlyForDeploymentPostprocessing = 0;
		};
/* End PBXSourcesBuildPhase section */

/* Begin PBXTargetDependency section */
		77BB10CE28E048F800FCC5DA /* PBXTargetDependency */ = {
			isa = PBXTargetDependency;
			target = 773EF90928BE4F6F0037D960 /* 2048 */;
			targetProxy = 77BB10CD28E048F800FCC5DA /* PBXContainerItemProxy */;
		};
/* End PBXTargetDependency section */

/* Begin PBXVariantGroup section */
		773EF91828BE4F720037D960 /* LaunchScreen.storyboard */ = {
			isa = PBXVariantGroup;
			children = (
				773EF91928BE4F720037D960 /* Base */,
			);
			name = LaunchScreen.storyboard;
			sourceTree = "<group>";
		};
/* End PBXVariantGroup section */

/* Begin XCBuildConfiguration section */
		773EF91C28BE4F720037D960 /* Debug */ = {
			isa = XCBuildConfiguration;
			buildSettings = {
				ALWAYS_SEARCH_USER_PATHS = NO;
				CLANG_ANALYZER_NONNULL = YES;
				CLANG_ANALYZER_NUMBER_OBJECT_CONVERSION = YES_AGGRESSIVE;
				CLANG_CXX_LANGUAGE_STANDARD = "gnu++17";
				CLANG_ENABLE_MODULES = YES;
				CLANG_ENABLE_OBJC_ARC = YES;
				CLANG_ENABLE_OBJC_WEAK = YES;
				CLANG_WARN_BLOCK_CAPTURE_AUTORELEASING = YES;
				CLANG_WARN_BOOL_CONVERSION = YES;
				CLANG_WARN_COMMA = YES;
				CLANG_WARN_CONSTANT_CONVERSION = YES;
				CLANG_WARN_DEPRECATED_OBJC_IMPLEMENTATIONS = YES;
				CLANG_WARN_DIRECT_OBJC_ISA_USAGE = YES_ERROR;
				CLANG_WARN_DOCUMENTATION_COMMENTS = YES;
				CLANG_WARN_EMPTY_BODY = YES;
				CLANG_WARN_ENUM_CONVERSION = YES;
				CLANG_WARN_INFINITE_RECURSION = YES;
				CLANG_WARN_INT_CONVERSION = YES;
				CLANG_WARN_NON_LITERAL_NULL_CONVERSION = YES;
				CLANG_WARN_OBJC_IMPLICIT_RETAIN_SELF = YES;
				CLANG_WARN_OBJC_LITERAL_CONVERSION = YES;
				CLANG_WARN_OBJC_ROOT_CLASS = YES_ERROR;
				CLANG_WARN_QUOTED_INCLUDE_IN_FRAMEWORK_HEADER = YES;
				CLANG_WARN_RANGE_LOOP_ANALYSIS = YES;
				CLANG_WARN_STRICT_PROTOTYPES = YES;
				CLANG_WARN_SUSPICIOUS_MOVE = YES;
				CLANG_WARN_UNGUARDED_AVAILABILITY = YES_AGGRESSIVE;
				CLANG_WARN_UNREACHABLE_CODE = YES;
				CLANG_WARN__DUPLICATE_METHOD_MATCH = YES;
				COPY_PHASE_STRIP = NO;
				DEBUG_INFORMATION_FORMAT = dwarf;
				ENABLE_STRICT_OBJC_MSGSEND = YES;
				ENABLE_TESTABILITY = YES;
				GCC_C_LANGUAGE_STANDARD = gnu11;
				GCC_DYNAMIC_NO_PIC = NO;
				GCC_NO_COMMON_BLOCKS = YES;
				GCC_OPTIMIZATION_LEVEL = 0;
				GCC_PREPROCESSOR_DEFINITIONS = (
					"DEBUG=1",
					"$(inherited)",
				);
				GCC_WARN_64_TO_32_BIT_CONVERSION = YES;
				GCC_WARN_ABOUT_RETURN_TYPE = YES_ERROR;
				GCC_WARN_UNDECLARED_SELECTOR = YES;
				GCC_WARN_UNINITIALIZED_AUTOS = YES_AGGRESSIVE;
				GCC_WARN_UNUSED_FUNCTION = YES;
				GCC_WARN_UNUSED_VARIABLE = YES;
				IPHONEOS_DEPLOYMENT_TARGET = 15.5;
				MTL_ENABLE_DEBUG_INFO = INCLUDE_SOURCE;
				MTL_FAST_MATH = YES;
				ONLY_ACTIVE_ARCH = YES;
				SDKROOT = iphoneos;
				SWIFT_ACTIVE_COMPILATION_CONDITIONS = DEBUG;
				SWIFT_OPTIMIZATION_LEVEL = "-Onone";
			};
			name = Debug;
		};
		773EF91D28BE4F720037D960 /* Release */ = {
			isa = XCBuildConfiguration;
			buildSettings = {
				ALWAYS_SEARCH_USER_PATHS = NO;
				CLANG_ANALYZER_NONNULL = YES;
				CLANG_ANALYZER_NUMBER_OBJECT_CONVERSION = YES_AGGRESSIVE;
				CLANG_CXX_LANGUAGE_STANDARD = "gnu++17";
				CLANG_ENABLE_MODULES = YES;
				CLANG_ENABLE_OBJC_ARC = YES;
				CLANG_ENABLE_OBJC_WEAK = YES;
				CLANG_WARN_BLOCK_CAPTURE_AUTORELEASING = YES;
				CLANG_WARN_BOOL_CONVERSION = YES;
				CLANG_WARN_COMMA = YES;
				CLANG_WARN_CONSTANT_CONVERSION = YES;
				CLANG_WARN_DEPRECATED_OBJC_IMPLEMENTATIONS = YES;
				CLANG_WARN_DIRECT_OBJC_ISA_USAGE = YES_ERROR;
				CLANG_WARN_DOCUMENTATION_COMMENTS = YES;
				CLANG_WARN_EMPTY_BODY = YES;
				CLANG_WARN_ENUM_CONVERSION = YES;
				CLANG_WARN_INFINITE_RECURSION = YES;
				CLANG_WARN_INT_CONVERSION = YES;
				CLANG_WARN_NON_LITERAL_NULL_CONVERSION = YES;
				CLANG_WARN_OBJC_IMPLICIT_RETAIN_SELF = YES;
				CLANG_WARN_OBJC_LITERAL_CONVERSION = YES;
				CLANG_WARN_OBJC_ROOT_CLASS = YES_ERROR;
				CLANG_WARN_QUOTED_INCLUDE_IN_FRAMEWORK_HEADER = YES;
				CLANG_WARN_RANGE_LOOP_ANALYSIS = YES;
				CLANG_WARN_STRICT_PROTOTYPES = YES;
				CLANG_WARN_SUSPICIOUS_MOVE = YES;
				CLANG_WARN_UNGUARDED_AVAILABILITY = YES_AGGRESSIVE;
				CLANG_WARN_UNREACHABLE_CODE = YES;
				CLANG_WARN__DUPLICATE_METHOD_MATCH = YES;
				COPY_PHASE_STRIP = NO;
				DEBUG_INFORMATION_FORMAT = "dwarf-with-dsym";
				ENABLE_NS_ASSERTIONS = NO;
				ENABLE_STRICT_OBJC_MSGSEND = YES;
				GCC_C_LANGUAGE_STANDARD = gnu11;
				GCC_NO_COMMON_BLOCKS = YES;
				GCC_WARN_64_TO_32_BIT_CONVERSION = YES;
				GCC_WARN_ABOUT_RETURN_TYPE = YES_ERROR;
				GCC_WARN_UNDECLARED_SELECTOR = YES;
				GCC_WARN_UNINITIALIZED_AUTOS = YES_AGGRESSIVE;
				GCC_WARN_UNUSED_FUNCTION = YES;
				GCC_WARN_UNUSED_VARIABLE = YES;
				IPHONEOS_DEPLOYMENT_TARGET = 15.5;
				MTL_ENABLE_DEBUG_INFO = NO;
				MTL_FAST_MATH = YES;
				SDKROOT = iphoneos;
				SWIFT_COMPILATION_MODE = wholemodule;
				SWIFT_OPTIMIZATION_LEVEL = "-O";
				VALIDATE_PRODUCT = YES;
			};
			name = Release;
		};
		773EF91F28BE4F720037D960 /* Debug */ = {
			isa = XCBuildConfiguration;
			baseConfigurationReference = 7AD8B96BC86A4CF97C2A6896 /* Pods-2048.debug.xcconfig */;
			buildSettings = {
				ASSETCATALOG_COMPILER_APPICON_NAME = AppIcon;
				ASSETCATALOG_COMPILER_GLOBAL_ACCENT_COLOR_NAME = AccentColor;
				CODE_SIGN_STYLE = Automatic;
				CURRENT_PROJECT_VERSION = 1;
				DEVELOPMENT_TEAM = AHA9MF4N57;
				GENERATE_INFOPLIST_FILE = YES;
				INFOPLIST_FILE = 2048/Info.plist;
				INFOPLIST_KEY_UIApplicationSupportsIndirectInputEvents = YES;
				INFOPLIST_KEY_UILaunchStoryboardName = LaunchScreen;
				INFOPLIST_KEY_UISupportedInterfaceOrientations = "";
				INFOPLIST_KEY_UISupportedInterfaceOrientations_iPad = UIInterfaceOrientationPortrait;
				INFOPLIST_KEY_UISupportedInterfaceOrientations_iPhone = UIInterfaceOrientationPortrait;
				IPHONEOS_DEPLOYMENT_TARGET = 12.0;
				LD_RUNPATH_SEARCH_PATHS = (
					"$(inherited)",
					"@executable_path/Frameworks",
				);
				MARKETING_VERSION = 1.0;
				PRODUCT_BUNDLE_IDENTIFIER = "com.realikh.-048";
				PRODUCT_NAME = "$(TARGET_NAME)";
				SWIFT_EMIT_LOC_STRINGS = YES;
				SWIFT_VERSION = 5.0;
				TARGETED_DEVICE_FAMILY = "1,2";
			};
			name = Debug;
		};
		773EF92028BE4F720037D960 /* Release */ = {
			isa = XCBuildConfiguration;
			baseConfigurationReference = F9C37E2E64723DC795A5F05A /* Pods-2048.release.xcconfig */;
			buildSettings = {
				ASSETCATALOG_COMPILER_APPICON_NAME = AppIcon;
				ASSETCATALOG_COMPILER_GLOBAL_ACCENT_COLOR_NAME = AccentColor;
				CODE_SIGN_STYLE = Automatic;
				CURRENT_PROJECT_VERSION = 1;
				DEVELOPMENT_TEAM = AHA9MF4N57;
				GENERATE_INFOPLIST_FILE = YES;
				INFOPLIST_FILE = 2048/Info.plist;
				INFOPLIST_KEY_UIApplicationSupportsIndirectInputEvents = YES;
				INFOPLIST_KEY_UILaunchStoryboardName = LaunchScreen;
				INFOPLIST_KEY_UISupportedInterfaceOrientations = "";
				INFOPLIST_KEY_UISupportedInterfaceOrientations_iPad = UIInterfaceOrientationPortrait;
				INFOPLIST_KEY_UISupportedInterfaceOrientations_iPhone = UIInterfaceOrientationPortrait;
				IPHONEOS_DEPLOYMENT_TARGET = 12.0;
				LD_RUNPATH_SEARCH_PATHS = (
					"$(inherited)",
					"@executable_path/Frameworks",
				);
				MARKETING_VERSION = 1.0;
				PRODUCT_BUNDLE_IDENTIFIER = "com.realikh.-048";
				PRODUCT_NAME = "$(TARGET_NAME)";
				SWIFT_EMIT_LOC_STRINGS = YES;
				SWIFT_VERSION = 5.0;
				TARGETED_DEVICE_FAMILY = "1,2";
			};
			name = Release;
		};
		77BB10CF28E048F800FCC5DA /* Debug */ = {
			isa = XCBuildConfiguration;
			buildSettings = {
				BUNDLE_LOADER = "$(TEST_HOST)";
				CLANG_ENABLE_MODULES = YES;
				CODE_SIGN_STYLE = Automatic;
				CURRENT_PROJECT_VERSION = 1;
				DEVELOPMENT_TEAM = AHA9MF4N57;
				GENERATE_INFOPLIST_FILE = YES;
				LD_RUNPATH_SEARCH_PATHS = (
					"$(inherited)",
					"@executable_path/Frameworks",
					"@loader_path/Frameworks",
				);
				MARKETING_VERSION = 1.0;
				PRODUCT_BUNDLE_IDENTIFIER = "com.realikh.-048Tests";
				PRODUCT_NAME = "$(TARGET_NAME)";
				SWIFT_EMIT_LOC_STRINGS = NO;
				SWIFT_OPTIMIZATION_LEVEL = "-Onone";
				SWIFT_VERSION = 5.0;
				TARGETED_DEVICE_FAMILY = "1,2";
				TEST_HOST = "$(BUILT_PRODUCTS_DIR)/2048.app/2048";
			};
			name = Debug;
		};
		77BB10D028E048F800FCC5DA /* Release */ = {
			isa = XCBuildConfiguration;
			buildSettings = {
				BUNDLE_LOADER = "$(TEST_HOST)";
				CLANG_ENABLE_MODULES = YES;
				CODE_SIGN_STYLE = Automatic;
				CURRENT_PROJECT_VERSION = 1;
				DEVELOPMENT_TEAM = AHA9MF4N57;
				GENERATE_INFOPLIST_FILE = YES;
				LD_RUNPATH_SEARCH_PATHS = (
					"$(inherited)",
					"@executable_path/Frameworks",
					"@loader_path/Frameworks",
				);
				MARKETING_VERSION = 1.0;
				PRODUCT_BUNDLE_IDENTIFIER = "com.realikh.-048Tests";
				PRODUCT_NAME = "$(TARGET_NAME)";
				SWIFT_EMIT_LOC_STRINGS = NO;
				SWIFT_VERSION = 5.0;
				TARGETED_DEVICE_FAMILY = "1,2";
				TEST_HOST = "$(BUILT_PRODUCTS_DIR)/2048.app/2048";
			};
			name = Release;
		};
/* End XCBuildConfiguration section */

/* Begin XCConfigurationList section */
		773EF90528BE4F6F0037D960 /* Build configuration list for PBXProject "2048" */ = {
			isa = XCConfigurationList;
			buildConfigurations = (
				773EF91C28BE4F720037D960 /* Debug */,
				773EF91D28BE4F720037D960 /* Release */,
			);
			defaultConfigurationIsVisible = 0;
			defaultConfigurationName = Release;
		};
		773EF91E28BE4F720037D960 /* Build configuration list for PBXNativeTarget "2048" */ = {
			isa = XCConfigurationList;
			buildConfigurations = (
				773EF91F28BE4F720037D960 /* Debug */,
				773EF92028BE4F720037D960 /* Release */,
			);
			defaultConfigurationIsVisible = 0;
			defaultConfigurationName = Release;
		};
		77BB10D128E048F800FCC5DA /* Build configuration list for PBXNativeTarget "2048Tests" */ = {
			isa = XCConfigurationList;
			buildConfigurations = (
				77BB10CF28E048F800FCC5DA /* Debug */,
				77BB10D028E048F800FCC5DA /* Release */,
			);
			defaultConfigurationIsVisible = 0;
			defaultConfigurationName = Release;
		};
/* End XCConfigurationList section */
	};
	rootObject = 773EF90228BE4F6F0037D960 /* Project object */;
}
